
Microsoft Visual Studio Solution File, Format Version 12.00
# Visual Studio 2012
Project("{2150E333-8FDC-42A3-9474-1A3956D46DE8}") = "Bridge", "Bridge", "{7EE1155D-FC7F-4C87-B196-ED43D260BD19}"
EndProject
Project("{FAE04EC0-301F-11D3-BF4B-00C04F79EFBC}") = "BridgePatternExample", "BridgePatternExample\BridgePatternExample.csproj", "{80978162-7A4A-41C6-B745-C82FB4BCE578}"
EndProject
Project("{2150E333-8FDC-42A3-9474-1A3956D46DE8}") = "Builder", "Builder", "{F1E6F7C1-4608-4AD9-AA19-160CB941D729}"
EndProject
Project("{FAE04EC0-301F-11D3-BF4B-00C04F79EFBC}") = "BuilderPatternExample", "BuilderPatternExample\BuilderPatternExample.csproj", "{555F46E7-1F27-4378-B23C-231B425F4F9B}"
EndProject
Project("{2150E333-8FDC-42A3-9474-1A3956D46DE8}") = "Factory", "Factory", "{1D3D358B-AD7F-4B08-A396-D59006A98369}"
EndProject
Project("{FAE04EC0-301F-11D3-BF4B-00C04F79EFBC}") = "FactoryPatternExample", "FactoryPatternExample\FactoryPatternExample.csproj", "{6A444AF4-B8C9-4274-9A67-47EBFCDF8450}"
EndProject
Project("{2150E333-8FDC-42A3-9474-1A3956D46DE8}") = "Composite", "Composite", "{014D5BBE-2130-4F3F-B9C0-CBB140132B36}"
EndProject
Project("{FAE04EC0-301F-11D3-BF4B-00C04F79EFBC}") = "CompositPatternExample", "CompositPatternExample\CompositPatternExample.csproj", "{5A7683D4-37EE-418D-B34E-669CA07BBB35}"
EndProject
Project("{2150E333-8FDC-42A3-9474-1A3956D46DE8}") = "Decorator", "Decorator", "{DB4E65BD-2DC2-44CF-B1C9-9DE5A531A135}"
EndProject
Project("{FAE04EC0-301F-11D3-BF4B-00C04F79EFBC}") = "DecoratorPatternExample", "DecoratorPatternExample\DecoratorPatternExample.csproj", "{7AD38F37-1CBD-44DA-B416-DE00AC236B80}"
EndProject
Project("{2150E333-8FDC-42A3-9474-1A3956D46DE8}") = "Null", "Null", "{A053E0AC-91B7-4EC2-BDAF-98B041A3AA60}"
EndProject
Project("{FAE04EC0-301F-11D3-BF4B-00C04F79EFBC}") = "NullPatternExample", "NullPatternExample\NullPatternExample.csproj", "{59CC0B10-8856-4E8E-99DB-C869F96ABF1D}"
EndProject
Project("{FAE04EC0-301F-11D3-BF4B-00C04F79EFBC}") = "AbstractFatoryPatternExample", "AbstractFatoryPatternExample\AbstractFatoryPatternExample.csproj", "{CA5A2D84-5EAD-47A0-8FC8-1806DCD0DD47}"
EndProject
Project("{2150E333-8FDC-42A3-9474-1A3956D46DE8}") = "Interpreter", "Interpreter", "{235686C5-AB62-4A60-B53C-A7349743CF8D}"
EndProject
Project("{FAE04EC0-301F-11D3-BF4B-00C04F79EFBC}") = "InterpreterPatternExample", "InterpreterPatternExample\InterpreterPatternExample.csproj", "{231BD07E-A972-42E3-8DC0-286093916EC7}"
EndProject
Project("{2150E333-8FDC-42A3-9474-1A3956D46DE8}") = "Mediator", "Mediator", "{01A63063-9F2E-44D5-83F4-6BCB412BB266}"
EndProject
Project("{FAE04EC0-301F-11D3-BF4B-00C04F79EFBC}") = "MediatorPatternExample", "MediatorPatternExample\MediatorPatternExample.csproj", "{E4E9AA8E-76FE-422D-B36F-2F3B6156F36F}"
EndProject
Project("{2150E333-8FDC-42A3-9474-1A3956D46DE8}") = "Memento", "Memento", "{6F9EABDC-8CC4-4CE2-9ABC-B1C4C4115F2F}"
EndProject
Project("{FAE04EC0-301F-11D3-BF4B-00C04F79EFBC}") = "MementoPatternExample", "MementoPatternExample\MementoPatternExample.csproj", "{D64ABE63-8F62-4B01-A07B-6B7ACF68EF45}"
EndProject
Project("{2150E333-8FDC-42A3-9474-1A3956D46DE8}") = "Repository", "Repository", "{8FF8DC5A-A11C-4A13-9421-2C2D517332D8}"
EndProject
Project("{FAE04EC0-301F-11D3-BF4B-00C04F79EFBC}") = "RepositoryPatternExample", "RepositoryPatternExample\RepositoryPatternExample.csproj", "{B11A1130-4C2A-4DA6-ACF9-C541A8DD94DA}"
EndProject
Project("{2150E333-8FDC-42A3-9474-1A3956D46DE8}") = "Visitor", "Visitor", "{B8AC25B3-87F6-48FB-8C1D-3A977811D2E7}"
EndProject
Project("{FAE04EC0-301F-11D3-BF4B-00C04F79EFBC}") = "NonVisitorPatternExample", "NonVisitorPatternExample\NonVisitorPatternExample.csproj", "{FE1088E7-29B9-459D-9EEA-208C6C3DA157}"
EndProject
Project("{FAE04EC0-301F-11D3-BF4B-00C04F79EFBC}") = "VisitorPatternExample", "VisitorPatternExample\VisitorPatternExample.csproj", "{0C1A65E0-D8A7-4B0D-9D56-CFDD897CD5A2}"
EndProject
Project("{2150E333-8FDC-42A3-9474-1A3956D46DE8}") = "Rules", "Rules", "{6AD8CBCD-EE4D-4E87-973F-C45BA70B63BC}"
EndProject
Project("{FAE04EC0-301F-11D3-BF4B-00C04F79EFBC}") = "NonRulesPatternExample", "NonRulesPatternExample\NonRulesPatternExample.csproj", "{3F6FA497-97A2-4D77-A3C1-9627540595F0}"
EndProject
Project("{2150E333-8FDC-42A3-9474-1A3956D46DE8}") = "Specification", "Specification", "{26FE39C0-E7C4-464F-A355-B121683271C1}"
EndProject
Project("{FAE04EC0-301F-11D3-BF4B-00C04F79EFBC}") = "SpecificationPattern", "SpecificationPatternExample\SpecificationPattern\SpecificationPattern.csproj", "{3F5A0EEB-3D2D-4439-87AD-6A737279F68F}"
EndProject
Project("{2150E333-8FDC-42A3-9474-1A3956D46DE8}") = "Strategy", "Strategy", "{7C9F3EB4-A777-459C-8D69-CAF7C9A576E4}"
EndProject
Project("{FAE04EC0-301F-11D3-BF4B-00C04F79EFBC}") = "StrategyPattern", "StrategyPattern\StrategyPattern.csproj", "{0790D3F4-1436-4735-9E2D-30A96233B665}"
EndProject
Project("{2150E333-8FDC-42A3-9474-1A3956D46DE8}") = "Singleton", "Singleton", "{1961AA56-2FC9-4BAF-94C8-5A86F3F871F5}"
EndProject
Project("{FAE04EC0-301F-11D3-BF4B-00C04F79EFBC}") = "SingletonPattern", "SingletonPattern\SingletonPattern.csproj", "{F7D6286D-20DC-40B5-92EE-FBECBFF8B2E7}"
EndProject
Project("{2150E333-8FDC-42A3-9474-1A3956D46DE8}") = "Observer", "Observer", "{3E649CED-844D-4BE4-8A41-58C09FB71767}"
EndProject
Project("{FAE04EC0-301F-11D3-BF4B-00C04F79EFBC}") = "ObserverPattern", "ObserverPattern\ObserverPattern.csproj", "{C3EBC618-8179-4A7F-B392-202C7F6947ED}"
EndProject
Project("{2150E333-8FDC-42A3-9474-1A3956D46DE8}") = "State", "State", "{E1C04A76-4128-40C3-BC9A-FEDB5670C9D4}"
EndProject
Project("{FAE04EC0-301F-11D3-BF4B-00C04F79EFBC}") = "StatePattern", "StatePattern\StatePattern.csproj", "{C177F902-D137-4D6E-82B7-4CD6FC0D50D4}"
EndProject
Global
	GlobalSection(SolutionConfigurationPlatforms) = preSolution
		Debug|Any CPU = Debug|Any CPU
		Release|Any CPU = Release|Any CPU
	EndGlobalSection
	GlobalSection(ProjectConfigurationPlatforms) = postSolution
		{80978162-7A4A-41C6-B745-C82FB4BCE578}.Debug|Any CPU.ActiveCfg = Debug|Any CPU
		{80978162-7A4A-41C6-B745-C82FB4BCE578}.Debug|Any CPU.Build.0 = Debug|Any CPU
		{80978162-7A4A-41C6-B745-C82FB4BCE578}.Release|Any CPU.ActiveCfg = Release|Any CPU
		{80978162-7A4A-41C6-B745-C82FB4BCE578}.Release|Any CPU.Build.0 = Release|Any CPU
		{555F46E7-1F27-4378-B23C-231B425F4F9B}.Debug|Any CPU.ActiveCfg = Debug|Any CPU
		{555F46E7-1F27-4378-B23C-231B425F4F9B}.Debug|Any CPU.Build.0 = Debug|Any CPU
		{555F46E7-1F27-4378-B23C-231B425F4F9B}.Release|Any CPU.ActiveCfg = Release|Any CPU
		{555F46E7-1F27-4378-B23C-231B425F4F9B}.Release|Any CPU.Build.0 = Release|Any CPU
		{6A444AF4-B8C9-4274-9A67-47EBFCDF8450}.Debug|Any CPU.ActiveCfg = Debug|Any CPU
		{6A444AF4-B8C9-4274-9A67-47EBFCDF8450}.Debug|Any CPU.Build.0 = Debug|Any CPU
		{6A444AF4-B8C9-4274-9A67-47EBFCDF8450}.Release|Any CPU.ActiveCfg = Release|Any CPU
		{6A444AF4-B8C9-4274-9A67-47EBFCDF8450}.Release|Any CPU.Build.0 = Release|Any CPU
		{5A7683D4-37EE-418D-B34E-669CA07BBB35}.Debug|Any CPU.ActiveCfg = Debug|Any CPU
		{5A7683D4-37EE-418D-B34E-669CA07BBB35}.Debug|Any CPU.Build.0 = Debug|Any CPU
		{5A7683D4-37EE-418D-B34E-669CA07BBB35}.Release|Any CPU.ActiveCfg = Release|Any CPU
		{5A7683D4-37EE-418D-B34E-669CA07BBB35}.Release|Any CPU.Build.0 = Release|Any CPU
		{7AD38F37-1CBD-44DA-B416-DE00AC236B80}.Debug|Any CPU.ActiveCfg = Debug|Any CPU
		{7AD38F37-1CBD-44DA-B416-DE00AC236B80}.Debug|Any CPU.Build.0 = Debug|Any CPU
		{7AD38F37-1CBD-44DA-B416-DE00AC236B80}.Release|Any CPU.ActiveCfg = Release|Any CPU
		{7AD38F37-1CBD-44DA-B416-DE00AC236B80}.Release|Any CPU.Build.0 = Release|Any CPU
		{59CC0B10-8856-4E8E-99DB-C869F96ABF1D}.Debug|Any CPU.ActiveCfg = Debug|Any CPU
		{59CC0B10-8856-4E8E-99DB-C869F96ABF1D}.Debug|Any CPU.Build.0 = Debug|Any CPU
		{59CC0B10-8856-4E8E-99DB-C869F96ABF1D}.Release|Any CPU.ActiveCfg = Release|Any CPU
		{59CC0B10-8856-4E8E-99DB-C869F96ABF1D}.Release|Any CPU.Build.0 = Release|Any CPU
		{CA5A2D84-5EAD-47A0-8FC8-1806DCD0DD47}.Debug|Any CPU.ActiveCfg = Debug|Any CPU
		{CA5A2D84-5EAD-47A0-8FC8-1806DCD0DD47}.Debug|Any CPU.Build.0 = Debug|Any CPU
		{CA5A2D84-5EAD-47A0-8FC8-1806DCD0DD47}.Release|Any CPU.ActiveCfg = Release|Any CPU
		{CA5A2D84-5EAD-47A0-8FC8-1806DCD0DD47}.Release|Any CPU.Build.0 = Release|Any CPU
		{231BD07E-A972-42E3-8DC0-286093916EC7}.Debug|Any CPU.ActiveCfg = Debug|Any CPU
		{231BD07E-A972-42E3-8DC0-286093916EC7}.Debug|Any CPU.Build.0 = Debug|Any CPU
		{231BD07E-A972-42E3-8DC0-286093916EC7}.Release|Any CPU.ActiveCfg = Release|Any CPU
		{231BD07E-A972-42E3-8DC0-286093916EC7}.Release|Any CPU.Build.0 = Release|Any CPU
		{E4E9AA8E-76FE-422D-B36F-2F3B6156F36F}.Debug|Any CPU.ActiveCfg = Debug|Any CPU
		{E4E9AA8E-76FE-422D-B36F-2F3B6156F36F}.Debug|Any CPU.Build.0 = Debug|Any CPU
		{E4E9AA8E-76FE-422D-B36F-2F3B6156F36F}.Release|Any CPU.ActiveCfg = Release|Any CPU
		{E4E9AA8E-76FE-422D-B36F-2F3B6156F36F}.Release|Any CPU.Build.0 = Release|Any CPU
		{D64ABE63-8F62-4B01-A07B-6B7ACF68EF45}.Debug|Any CPU.ActiveCfg = Debug|Any CPU
		{D64ABE63-8F62-4B01-A07B-6B7ACF68EF45}.Debug|Any CPU.Build.0 = Debug|Any CPU
		{D64ABE63-8F62-4B01-A07B-6B7ACF68EF45}.Release|Any CPU.ActiveCfg = Release|Any CPU
		{D64ABE63-8F62-4B01-A07B-6B7ACF68EF45}.Release|Any CPU.Build.0 = Release|Any CPU
		{B11A1130-4C2A-4DA6-ACF9-C541A8DD94DA}.Debug|Any CPU.ActiveCfg = Debug|Any CPU
		{B11A1130-4C2A-4DA6-ACF9-C541A8DD94DA}.Debug|Any CPU.Build.0 = Debug|Any CPU
		{B11A1130-4C2A-4DA6-ACF9-C541A8DD94DA}.Release|Any CPU.ActiveCfg = Release|Any CPU
		{B11A1130-4C2A-4DA6-ACF9-C541A8DD94DA}.Release|Any CPU.Build.0 = Release|Any CPU
		{FE1088E7-29B9-459D-9EEA-208C6C3DA157}.Debug|Any CPU.ActiveCfg = Debug|Any CPU
		{FE1088E7-29B9-459D-9EEA-208C6C3DA157}.Debug|Any CPU.Build.0 = Debug|Any CPU
		{FE1088E7-29B9-459D-9EEA-208C6C3DA157}.Release|Any CPU.ActiveCfg = Release|Any CPU
		{FE1088E7-29B9-459D-9EEA-208C6C3DA157}.Release|Any CPU.Build.0 = Release|Any CPU
		{0C1A65E0-D8A7-4B0D-9D56-CFDD897CD5A2}.Debug|Any CPU.ActiveCfg = Debug|Any CPU
		{0C1A65E0-D8A7-4B0D-9D56-CFDD897CD5A2}.Debug|Any CPU.Build.0 = Debug|Any CPU
		{0C1A65E0-D8A7-4B0D-9D56-CFDD897CD5A2}.Release|Any CPU.ActiveCfg = Release|Any CPU
		{0C1A65E0-D8A7-4B0D-9D56-CFDD897CD5A2}.Release|Any CPU.Build.0 = Release|Any CPU
		{3F6FA497-97A2-4D77-A3C1-9627540595F0}.Debug|Any CPU.ActiveCfg = Debug|Any CPU
		{3F6FA497-97A2-4D77-A3C1-9627540595F0}.Debug|Any CPU.Build.0 = Debug|Any CPU
		{3F6FA497-97A2-4D77-A3C1-9627540595F0}.Release|Any CPU.ActiveCfg = Release|Any CPU
		{3F6FA497-97A2-4D77-A3C1-9627540595F0}.Release|Any CPU.Build.0 = Release|Any CPU
		{3F5A0EEB-3D2D-4439-87AD-6A737279F68F}.Debug|Any CPU.ActiveCfg = Debug|Any CPU
		{3F5A0EEB-3D2D-4439-87AD-6A737279F68F}.Debug|Any CPU.Build.0 = Debug|Any CPU
		{3F5A0EEB-3D2D-4439-87AD-6A737279F68F}.Release|Any CPU.ActiveCfg = Release|Any CPU
		{3F5A0EEB-3D2D-4439-87AD-6A737279F68F}.Release|Any CPU.Build.0 = Release|Any CPU
		{0790D3F4-1436-4735-9E2D-30A96233B665}.Debug|Any CPU.ActiveCfg = Debug|Any CPU
		{0790D3F4-1436-4735-9E2D-30A96233B665}.Debug|Any CPU.Build.0 = Debug|Any CPU
		{0790D3F4-1436-4735-9E2D-30A96233B665}.Release|Any CPU.ActiveCfg = Release|Any CPU
		{0790D3F4-1436-4735-9E2D-30A96233B665}.Release|Any CPU.Build.0 = Release|Any CPU
		{F7D6286D-20DC-40B5-92EE-FBECBFF8B2E7}.Debug|Any CPU.ActiveCfg = Debug|Any CPU
		{F7D6286D-20DC-40B5-92EE-FBECBFF8B2E7}.Debug|Any CPU.Build.0 = Debug|Any CPU
		{F7D6286D-20DC-40B5-92EE-FBECBFF8B2E7}.Release|Any CPU.ActiveCfg = Release|Any CPU
		{F7D6286D-20DC-40B5-92EE-FBECBFF8B2E7}.Release|Any CPU.Build.0 = Release|Any CPU
		{C3EBC618-8179-4A7F-B392-202C7F6947ED}.Debug|Any CPU.ActiveCfg = Debug|Any CPU
		{C3EBC618-8179-4A7F-B392-202C7F6947ED}.Debug|Any CPU.Build.0 = Debug|Any CPU
		{C3EBC618-8179-4A7F-B392-202C7F6947ED}.Release|Any CPU.ActiveCfg = Release|Any CPU
		{C3EBC618-8179-4A7F-B392-202C7F6947ED}.Release|Any CPU.Build.0 = Release|Any CPU
		{C177F902-D137-4D6E-82B7-4CD6FC0D50D4}.Debug|Any CPU.ActiveCfg = Debug|Any CPU
		{C177F902-D137-4D6E-82B7-4CD6FC0D50D4}.Debug|Any CPU.Build.0 = Debug|Any CPU
		{C177F902-D137-4D6E-82B7-4CD6FC0D50D4}.Release|Any CPU.ActiveCfg = Release|Any CPU
		{C177F902-D137-4D6E-82B7-4CD6FC0D50D4}.Release|Any CPU.Build.0 = Release|Any CPU
	EndGlobalSection
	GlobalSection(SolutionProperties) = preSolution
		HideSolutionNode = FALSE
	EndGlobalSection
	GlobalSection(NestedProjects) = preSolution
		{80978162-7A4A-41C6-B745-C82FB4BCE578} = {7EE1155D-FC7F-4C87-B196-ED43D260BD19}
		{555F46E7-1F27-4378-B23C-231B425F4F9B} = {F1E6F7C1-4608-4AD9-AA19-160CB941D729}
		{6A444AF4-B8C9-4274-9A67-47EBFCDF8450} = {1D3D358B-AD7F-4B08-A396-D59006A98369}
		{CA5A2D84-5EAD-47A0-8FC8-1806DCD0DD47} = {1D3D358B-AD7F-4B08-A396-D59006A98369}
		{5A7683D4-37EE-418D-B34E-669CA07BBB35} = {014D5BBE-2130-4F3F-B9C0-CBB140132B36}
		{7AD38F37-1CBD-44DA-B416-DE00AC236B80} = {DB4E65BD-2DC2-44CF-B1C9-9DE5A531A135}
		{59CC0B10-8856-4E8E-99DB-C869F96ABF1D} = {A053E0AC-91B7-4EC2-BDAF-98B041A3AA60}
		{231BD07E-A972-42E3-8DC0-286093916EC7} = {235686C5-AB62-4A60-B53C-A7349743CF8D}
		{E4E9AA8E-76FE-422D-B36F-2F3B6156F36F} = {01A63063-9F2E-44D5-83F4-6BCB412BB266}
		{D64ABE63-8F62-4B01-A07B-6B7ACF68EF45} = {6F9EABDC-8CC4-4CE2-9ABC-B1C4C4115F2F}
		{B11A1130-4C2A-4DA6-ACF9-C541A8DD94DA} = {8FF8DC5A-A11C-4A13-9421-2C2D517332D8}
		{FE1088E7-29B9-459D-9EEA-208C6C3DA157} = {B8AC25B3-87F6-48FB-8C1D-3A977811D2E7}
		{0C1A65E0-D8A7-4B0D-9D56-CFDD897CD5A2} = {B8AC25B3-87F6-48FB-8C1D-3A977811D2E7}
		{3F6FA497-97A2-4D77-A3C1-9627540595F0} = {6AD8CBCD-EE4D-4E87-973F-C45BA70B63BC}
		{3F5A0EEB-3D2D-4439-87AD-6A737279F68F} = {26FE39C0-E7C4-464F-A355-B121683271C1}
		{0790D3F4-1436-4735-9E2D-30A96233B665} = {7C9F3EB4-A777-459C-8D69-CAF7C9A576E4}
		{F7D6286D-20DC-40B5-92EE-FBECBFF8B2E7} = {1961AA56-2FC9-4BAF-94C8-5A86F3F871F5}
		{C3EBC618-8179-4A7F-B392-202C7F6947ED} = {3E649CED-844D-4BE4-8A41-58C09FB71767}
		{C177F902-D137-4D6E-82B7-4CD6FC0D50D4} = {E1C04A76-4128-40C3-BC9A-FEDB5670C9D4}
	EndGlobalSection
EndGlobal
